{
    "_meta": {
        "hash": {
            "sha256": "2a21336877acfe350b874026a20f8222441cf8fad02e4dd29040ee6b38e32eb7"
        },
        "pipfile-spec": 6,
        "requires": {
            "python_version": "3.8"
        },
        "sources": [
            {
                "name": "pypi",
                "url": "https://pypi.org/simple",
                "verify_ssl": true
            }
        ]
    },
    "default": {
        "blis": {
            "hashes": [
                "sha256:00473602629ba69fe6565108e21957e918cb48b59f5bf2f6bfb6e04de42500cb",
                "sha256:03c368c9716ca814c436550a5f1e02ccf74850e613602519e3941d212e5aa177",
                "sha256:135450caabc8aea9bb9250329ebdf7189982d9b57d5c92789b2ba2fe52c247a7",
                "sha256:1402d9cbb0fbc21b749dd5b87d7ee14249e74a0ca38be6ecc56b3b356fca2f21",
                "sha256:26b16d6005bb2671699831b5cc699905215d1abde1ec5c1d04de7dcd9eb29f75",
                "sha256:3347a4b1b7d3ae14476aac9a6f7bf8ebf464863f4ebf4aea228874a7694ea240",
                "sha256:38fe877a4b52e762f5e137a412e3c256545a696a12ae8c40d67b8815d2bb5097",
                "sha256:4fb89c47ee06b58a4410a16fd5794847517262c9d2a342643475b477dfeff0a4",
                "sha256:77a6486b9794af01bcdfd1bc6e067c93add4b93292e6f95bf6e5ce7f98bf0163",
                "sha256:856142a11e37fd2c47c5006a3197e157bb8469a491a73d2d442223dd3279df84",
                "sha256:8aeaf6954351593a1e412f80e398aa51df588d3c0de74b9f3323b694c603381b",
                "sha256:9ede123065f3cacb109967755b3d83d4ca0de90643a9058129a6ab2d4051954f",
                "sha256:d1d59faebc1c94f8f4f77154ef4b9d6d40364b111cf8fde48ee3b524c85f1075",
                "sha256:d69257d317e86f34a7f230a2fd1f021fd2a1b944137f40d8cdbb23bd334cd0c4",
                "sha256:ddd732c5274d1082fa92e2c42317587d5ebabce7741ca98120f69bd45d004b99",
                "sha256:f0b0dad4d6268d9dba0a65a9db12dd7a2d8686b648399e4aa1aec7550697e99e"
            ],
            "version": "==0.4.1"
        },
        "catalogue": {
            "hashes": [
                "sha256:2d786e229d8d202b4f8a2a059858e45a2331201d831e39746732daa704b99f69",
                "sha256:b325c77659208bfb6af1b0d93b1a1aa4112e1bb29a4c5ced816758a722f0e388"
            ],
            "markers": "python_version >= '3.6'",
            "version": "==2.0.8"
        },
        "cymem": {
            "hashes": [
                "sha256:011039e12d3144ac1bf3a6b38f5722b817f0d6487c8184e88c891b360b69f533",
                "sha256:0ac45088abffbae9b7db2c597f098de51b7e3c1023cb314e55c0f7f08440cf66",
                "sha256:10178e402bb512b2686b8c2f41f930111e597237ca8f85cb583ea93822ef798d",
                "sha256:24b779046484674c054af1e779c68cb224dc9694200ac13b22129d7fb7e99e6d",
                "sha256:26e5d5c6958855d2fe3d5629afe85a6aae5531abaa76f4bc21b9abf9caaccdfe",
                "sha256:2aa33f1dbd7ceda37970e174c38fd1cf106817a261aa58521ba9918156868231",
                "sha256:314273be1f143da674388e0a125d409e2721fbf669c380ae27c5cbae4011e26d",
                "sha256:3da89464021fe669932fce1578343fcaf701e47e3206f50d320f4f21e6683ca5",
                "sha256:42aedfd2e77aa0518a24a2a60a2147308903abc8b13c84504af58539c39e52a3",
                "sha256:4302df5793a320c4f4a263c7785d2fa7f29928d72cb83ebeb34d64a610f8d819",
                "sha256:48b98da6b906fe976865263e27734ebc64f972a978a999d447ad6c83334e3f90",
                "sha256:4981fc9182cc1fe54bfedf5f73bfec3ce0c27582d9be71e130c46e35958beef0",
                "sha256:4f359cab9f16e25b3098f816c40acbf1697a3b614a8d02c56e6ebcb9c89a06b3",
                "sha256:59a09cf0e71b1b88bfa0de544b801585d81d06ea123c1725e7c5da05b7ca0d20",
                "sha256:5ea6b027fdad0c3e9a4f1b94d28d213be08c466a60c72c633eb9db76cf30e53a",
                "sha256:6c50794c612801ed8b599cd4af1ed810a0d39011711c8224f93e1153c00e08d1",
                "sha256:6f9e63e5ad4ed6ffa21fd8db1c03b05be3fea2f32e32fdace67a840ea2702c3d",
                "sha256:85359ab7b490e6c897c04863704481600bd45188a0e2ca7375eb5db193e13cb7",
                "sha256:864701e626b65eb2256060564ed8eb034ebb0a8f14ce3fbef337e88352cdee9f",
                "sha256:9e5e1b7de7952d89508d07601b9e95b2244e70d7ef60fbc161b3ad68f22815f8",
                "sha256:a2971b7da5aa2e65d8fbbe9f2acfc19ff8e73f1896e3d6e1223cc9bf275a0207",
                "sha256:a9525ad563b36dc1e30889d0087a0daa67dd7bb7d3e1530c4b61cd65cc756a5b",
                "sha256:c183257dc5ab237b664f64156c743e788f562417c74ea58c5a3939fe2d48d6f6",
                "sha256:d18250f97eeb13af2e8b19d3cefe4bf743b963d93320b0a2e729771410fd8cf4",
                "sha256:df543a36e7000808fe0a03d92fd6cd8bf23fa8737c3f7ae791a5386de797bf79",
                "sha256:e156788d32ad8f7141330913c5d5d2aa67182fca8f15ae22645e9f379abe8a4c",
                "sha256:e6034badb5dd4e10344211c81f16505a55553a7164adc314c75bd80cf07e57a8",
                "sha256:f165d7bce55d6730930e29d8294569788aa127f1be8d1642d9550ed96223cb37"
            ],
            "version": "==2.0.7"
        },
        "fire": {
            "hashes": [
                "sha256:96c372096afcf33ddbadac8a7ca5b7e829e8d7157d0030bd964bf959afde5c2c"
            ],
            "index": "pypi",
            "version": "==0.3.0"
        },
        "imageio": {
            "hashes": [
                "sha256:1e4ab29b3775bb093c7a35854a0412857145450183344678829b30e72263b001",
                "sha256:fb5fd6d3d17126bbaac9af29fe340e2c97a196eb9416d4f28c0e543744a152cf"
            ],
            "index": "pypi",
            "version": "==2.8.0"
        },
        "imageio-ffmpeg": {
            "hashes": [
                "sha256:0ca618d19d9d7d8ed59f238d801a31a34d5cdf4dce2f00a6138f329e11cf4a04",
                "sha256:506ad83cabd7ad7059f017c8d05335975722dd0fd44c6c29155b09b9b7420319",
                "sha256:a672c28d047094ace90125b6e6d0936bc79e6233a4bd7f15c0df9fbc57590372",
                "sha256:b820e6b1f09c1c3c0acb6570f57a2c515c8ad353acca6853d738e67f47695662",
                "sha256:ff165f5081d34ef6bdcf6bef943a20b82291bafae68761ca8feaeefb799b80e7"
            ],
            "index": "pypi",
            "version": "==0.4.1"
        },
        "murmurhash": {
            "hashes": [
                "sha256:01137d688a6b259bde642513506b062364ea4e1609f886d9bd095c3ae6da0b94",
                "sha256:0ac5530c250d2b0073ed058555847c8d88d2d00229e483d45658c13b32398523",
                "sha256:0c2e2ee2d91a87952fe0f80212e86119aa1fd7681f03e6c99b279e50790dc2b3",
                "sha256:0eb0f8e652431ea238c11bcb671fef5c03aff0544bf7e098df81ea4b6d495405",
                "sha256:1b70bbf55d89713873a35bd4002bc231d38e530e1051d57ca5d15f96c01fd778",
                "sha256:213d0248e586082e1cab6157d9945b846fd2b6be34357ad5ea0d03a1931d82ba",
                "sha256:241693c1c819148eac29d7882739b1099c891f1f7431127b2652c23f81722cec",
                "sha256:2aebe2ae016525a662ff772b72a2c9244a673e3215fcd49897f494258b96f3e7",
                "sha256:379bf6b414bd27dd36772dd1570565a7d69918e980457370838bd514df0d91e9",
                "sha256:3e802fa5b0e618ee99e8c114ce99fc91677f14e9de6e18b945d91323a93c84e8",
                "sha256:47f5ca56c430230d3b581dfdbc54eb3ad8b0406dcc9afdd978da2e662c71d370",
                "sha256:5dc41be79ba4d09aab7e9110a8a4d4b37b184b63767b1b247411667cdb1057a3",
                "sha256:5ef31b5c11be2c064dbbdd0e22ab3effa9ceb5b11ae735295c717c120087dd94",
                "sha256:660ae41fc6609abc05130543011a45b33ca5d8318ae5c70e66bbd351ca936063",
                "sha256:69157e8fa6b25c4383645227069f6a1f8738d32ed2a83558961019ca3ebef56a",
                "sha256:697ed01454d92681c7ae26eb1adcdc654b54062bcc59db38ed03cad71b23d449",
                "sha256:799fcbca5693ad6a40f565ae6b8e9718e5875a63deddf343825c0f31c32348fa",
                "sha256:8c3d69fb649c77c74a55624ebf7a0df3c81629e6ea6e80048134f015da57b2ea",
                "sha256:94b89d02aeab5e6bad5056f9d08df03ac7cfe06e61ff4b6340feb227fda80ce8",
                "sha256:a5952f9c18a717fa17579e27f57bfa619299546011a8378a8f73e14eece332f6",
                "sha256:ab78675510f83e7a3c6bd0abdc448a9a2b0b385b0d7ee766cbbfc5cc278a3042",
                "sha256:b129e1c5ebd772e6ff5ef925bcce695df13169bd885337e6074b923ab6edcfc8",
                "sha256:c0f84ecdf37c06eda0222f2f9e81c0974e1a7659c35b755ab2fdc642ebd366db",
                "sha256:cf0b3fe54dca598f5b18c9951e70812e070ecb4c0672ad2cc32efde8a33b3df6",
                "sha256:d7a2bd203377a31bbb2d83fe3f968756d6c9bbfa36c64c6ebfc3c6494fc680bc",
                "sha256:ef79202feeac68e83971239169a05fa6514ecc2815ce04c8302076d267870f6e",
                "sha256:f9b995bc82eaf9223e045210207b8878fdfe099a788dd8abd708d9ee58459a9d",
                "sha256:fe7a38cb0d3d87c14ec9dddc4932ffe2dbc77d75469ab80fd5014689b0e07b58"
            ],
            "markers": "python_version >= '3.6'",
            "version": "==1.0.9"
        },
        "numpy": {
            "hashes": [
                "sha256:01dd17cbb340bf0fc23981e52e1d18a9d4050792e8fb8363cecbf066a84b827d",
                "sha256:06005a2ef6014e9956c09ba07654f9837d9e26696a0470e42beedadb78c11b07",
                "sha256:09b7847f7e83ca37c6e627682f145856de331049013853f344f37b0c9690e3df",
                "sha256:0aaee12d8883552fadfc41e96b4c82ee7d794949e2a7c3b3a7201e968c7ecab9",
                "sha256:0cbe9848fad08baf71de1a39e12d1b6310f1d5b2d0ea4de051058e6e1076852d",
                "sha256:1b1766d6f397c18153d40015ddfc79ddb715cabadc04d2d228d4e5a8bc4ded1a",
                "sha256:33161613d2269025873025b33e879825ec7b1d831317e68f4f2f0f84ed14c719",
                "sha256:5039f55555e1eab31124a5768898c9e22c25a65c1e0037f4d7c495a45778c9f2",
                "sha256:522e26bbf6377e4d76403826ed689c295b0b238f46c28a7251ab94716da0b280",
                "sha256:56e454c7833e94ec9769fa0f86e6ff8e42ee38ce0ce1fa4cbb747ea7e06d56aa",
                "sha256:58f545efd1108e647604a1b5aa809591ccd2540f468a880bedb97247e72db387",
                "sha256:5e05b1c973a9f858c74367553e236f287e749465f773328c8ef31abe18f691e1",
                "sha256:7903ba8ab592b82014713c491f6c5d3a1cde5b4a3bf116404e08f5b52f6daf43",
                "sha256:8969bfd28e85c81f3f94eb4a66bc2cf1dbdc5c18efc320af34bffc54d6b1e38f",
                "sha256:92c8c1e89a1f5028a4c6d9e3ccbe311b6ba53694811269b992c0b224269e2398",
                "sha256:9c88793f78fca17da0145455f0d7826bcb9f37da4764af27ac945488116efe63",
                "sha256:a7ac231a08bb37f852849bbb387a20a57574a97cfc7b6cabb488a4fc8be176de",
                "sha256:abdde9f795cf292fb9651ed48185503a2ff29be87770c3b8e2a14b0cd7aa16f8",
                "sha256:af1da88f6bc3d2338ebbf0e22fe487821ea4d8e89053e25fa59d1d79786e7481",
                "sha256:b2a9ab7c279c91974f756c84c365a669a887efa287365a8e2c418f8b3ba73fb0",
                "sha256:bf837dc63ba5c06dc8797c398db1e223a466c7ece27a1f7b5232ba3466aafe3d",
                "sha256:ca51fcfcc5f9354c45f400059e88bc09215fb71a48d3768fb80e357f3b457e1e",
                "sha256:ce571367b6dfe60af04e04a1834ca2dc5f46004ac1cc756fb95319f64c095a96",
                "sha256:d208a0f8729f3fb790ed18a003f3a57895b989b40ea4dce4717e9cf4af62c6bb",
                "sha256:dbee87b469018961d1ad79b1a5d50c0ae850000b639bcb1b694e9981083243b6",
                "sha256:e9f4c4e51567b616be64e05d517c79a8a22f3606499941d97bb76f2ca59f982d",
                "sha256:f063b69b090c9d918f9df0a12116029e274daf0181df392839661c4c7ec9018a",
                "sha256:f9a909a8bae284d46bbfdefbdd4a262ba19d3bc9921b1e76126b1d21c3c34135"
            ],
            "markers": "python_version >= '3.8'",
            "version": "==1.23.5"
        },
        "pillow": {
            "hashes": [
                "sha256:03150abd92771742d4a8cd6f2fa6246d847dcd2e332a18d0c15cc75bf6703040",
                "sha256:073adb2ae23431d3b9bcbcff3fe698b62ed47211d0716b067385538a1b0f28b8",
                "sha256:0b07fffc13f474264c336298d1b4ce01d9c5a011415b79d4ee5527bb69ae6f65",
                "sha256:0b7257127d646ff8676ec8a15520013a698d1fdc48bc2a79ba4e53df792526f2",
                "sha256:12ce4932caf2ddf3e41d17fc9c02d67126935a44b86df6a206cf0d7161548627",
                "sha256:15c42fb9dea42465dfd902fb0ecf584b8848ceb28b41ee2b58f866411be33f07",
                "sha256:18498994b29e1cf86d505edcb7edbe814d133d2232d256db8c7a8ceb34d18cef",
                "sha256:1c7c8ae3864846fc95f4611c78129301e203aaa2af813b703c55d10cc1628535",
                "sha256:22b012ea2d065fd163ca096f4e37e47cd8b59cf4b0fd47bfca6abb93df70b34c",
                "sha256:276a5ca930c913f714e372b2591a22c4bd3b81a418c0f6635ba832daec1cbcfc",
                "sha256:2e0918e03aa0c72ea56edbb00d4d664294815aa11291a11504a377ea018330d3",
                "sha256:3033fbe1feb1b59394615a1cafaee85e49d01b51d54de0cbf6aa8e64182518a1",
                "sha256:3168434d303babf495d4ba58fc22d6604f6e2afb97adc6a423e917dab828939c",
                "sha256:32a44128c4bdca7f31de5be641187367fe2a450ad83b833ef78910397db491aa",
                "sha256:3dd6caf940756101205dffc5367babf288a30043d35f80936f9bfb37f8355b32",
                "sha256:40e1ce476a7804b0fb74bcfa80b0a2206ea6a882938eaba917f7a0f004b42502",
                "sha256:41e0051336807468be450d52b8edd12ac60bebaa97fe10c8b660f116e50b30e4",
                "sha256:4390e9ce199fc1951fcfa65795f239a8a4944117b5935a9317fb320e7767b40f",
                "sha256:502526a2cbfa431d9fc2a079bdd9061a2397b842bb6bc4239bb176da00993812",
                "sha256:51e0e543a33ed92db9f5ef69a0356e0b1a7a6b6a71b80df99f1d181ae5875636",
                "sha256:57751894f6618fd4308ed8e0c36c333e2f5469744c34729a27532b3db106ee20",
                "sha256:5d77adcd56a42d00cc1be30843d3426aa4e660cab4a61021dc84467123f7a00c",
                "sha256:655a83b0058ba47c7c52e4e2df5ecf484c1b0b0349805896dd350cbc416bdd91",
                "sha256:68943d632f1f9e3dce98908e873b3a090f6cba1cbb1b892a9e8d97c938871fbe",
                "sha256:6c738585d7a9961d8c2821a1eb3dcb978d14e238be3d70f0a706f7fa9316946b",
                "sha256:73bd195e43f3fadecfc50c682f5055ec32ee2c933243cafbfdec69ab1aa87cad",
                "sha256:772a91fc0e03eaf922c63badeca75e91baa80fe2f5f87bdaed4280662aad25c9",
                "sha256:77ec3e7be99629898c9a6d24a09de089fa5356ee408cdffffe62d67bb75fdd72",
                "sha256:7db8b751ad307d7cf238f02101e8e36a128a6cb199326e867d1398067381bff4",
                "sha256:801ec82e4188e935c7f5e22e006d01611d6b41661bba9fe45b60e7ac1a8f84de",
                "sha256:82409ffe29d70fd733ff3c1025a602abb3e67405d41b9403b00b01debc4c9a29",
                "sha256:828989c45c245518065a110434246c44a56a8b2b2f6347d1409c787e6e4651ee",
                "sha256:829f97c8e258593b9daa80638aee3789b7df9da5cf1336035016d76f03b8860c",
                "sha256:871b72c3643e516db4ecf20efe735deb27fe30ca17800e661d769faab45a18d7",
                "sha256:89dca0ce00a2b49024df6325925555d406b14aa3efc2f752dbb5940c52c56b11",
                "sha256:90fb88843d3902fe7c9586d439d1e8c05258f41da473952aa8b328d8b907498c",
                "sha256:97aabc5c50312afa5e0a2b07c17d4ac5e865b250986f8afe2b02d772567a380c",
                "sha256:9aaa107275d8527e9d6e7670b64aabaaa36e5b6bd71a1015ddd21da0d4e06448",
                "sha256:9f47eabcd2ded7698106b05c2c338672d16a6f2a485e74481f524e2a23c2794b",
                "sha256:a0a06a052c5f37b4ed81c613a455a81f9a3a69429b4fd7bb913c3fa98abefc20",
                "sha256:ab388aaa3f6ce52ac1cb8e122c4bd46657c15905904b3120a6248b5b8b0bc228",
                "sha256:ad58d27a5b0262c0c19b47d54c5802db9b34d38bbf886665b626aff83c74bacd",
                "sha256:ae5331c23ce118c53b172fa64a4c037eb83c9165aba3a7ba9ddd3ec9fa64a699",
                "sha256:af0372acb5d3598f36ec0914deed2a63f6bcdb7b606da04dc19a88d31bf0c05b",
                "sha256:afa4107d1b306cdf8953edde0534562607fe8811b6c4d9a486298ad31de733b2",
                "sha256:b03ae6f1a1878233ac620c98f3459f79fd77c7e3c2b20d460284e1fb370557d4",
                "sha256:b0915e734b33a474d76c28e07292f196cdf2a590a0d25bcc06e64e545f2d146c",
                "sha256:b4012d06c846dc2b80651b120e2cdd787b013deb39c09f407727ba90015c684f",
                "sha256:b472b5ea442148d1c3e2209f20f1e0bb0eb556538690fa70b5e1f79fa0ba8dc2",
                "sha256:b59430236b8e58840a0dfb4099a0e8717ffb779c952426a69ae435ca1f57210c",
                "sha256:b90f7616ea170e92820775ed47e136208e04c967271c9ef615b6fbd08d9af0e3",
                "sha256:b9a65733d103311331875c1dca05cb4606997fd33d6acfed695b1232ba1df193",
                "sha256:bac18ab8d2d1e6b4ce25e3424f709aceef668347db8637c2296bcf41acb7cf48",
                "sha256:bca31dd6014cb8b0b2db1e46081b0ca7d936f856da3b39744aef499db5d84d02",
                "sha256:be55f8457cd1eac957af0c3f5ece7bc3f033f89b114ef30f710882717670b2a8",
                "sha256:c7025dce65566eb6e89f56c9509d4f628fddcedb131d9465cacd3d8bac337e7e",
                "sha256:c935a22a557a560108d780f9a0fc426dd7459940dc54faa49d83249c8d3e760f",
                "sha256:dbb8e7f2abee51cef77673be97760abff1674ed32847ce04b4af90f610144c7b",
                "sha256:e6ea6b856a74d560d9326c0f5895ef8050126acfdc7ca08ad703eb0081e82b74",
                "sha256:ebf2029c1f464c59b8bdbe5143c79fa2045a581ac53679733d3a91d400ff9efb",
                "sha256:f1ff2ee69f10f13a9596480335f406dd1f70c3650349e2be67ca3139280cade0"
            ],
            "index": "pypi",
            "version": "==9.3.0"
        },
        "preshed": {
            "hashes": [
                "sha256:019d8fa4161035811fb2804d03214143298739e162d0ad24e087bd46c50970f5",
                "sha256:06793022a56782ef51d74f1399925a2ba958e50c5cfbc6fa5b25c4945e158a07",
                "sha256:09cc9da2ac1b23010ce7d88a5e20f1033595e6dd80be14318e43b9409f4c7697",
                "sha256:0ae25a010c9f551aa2247ee621457f679e07c57fc99d3fd44f84cb40b925f12c",
                "sha256:0e1bb8701df7861af26a312225bdf7c4822ac06fcf75aeb60fe2b0a20e64c222",
                "sha256:135e2ac0db1a3948d6ec295598c7e182b52c394663f2fcfe36a97ae51186be21",
                "sha256:246e7c6890dc7fe9b10f0e31de3346b906e3862b6ef42fcbede37968f46a73bf",
                "sha256:25b5ef5e387a0e17ff41202a8c1816184ab6fb3c0d0b847bf8add0ed5941eb8d",
                "sha256:53d3e2456a085425c66af7baba62d7eaa24aa5e460e1a9e02c401a2ed59abd7b",
                "sha256:5942858170c4f53d9afc6352a86bbc72fc96cc4d8964b6415492114a5920d3ed",
                "sha256:5a6a7fcf7dd2e7711051b3f0432da9ec9c748954c989f49d2cd8eabf8c2d953e",
                "sha256:67643e66691770dc3434b01671648f481e3455209ce953727ef2330b16790aaa",
                "sha256:6a49ce52856fbb3ef4f1cc744c53f5d7e1ca370b1939620ac2509a6d25e02a50",
                "sha256:6c74c70078809bfddda17be96483c41d06d717934b07cab7921011d81758b357",
                "sha256:720593baf2c2e295f855192974799e486da5f50d4548db93c44f5726a43cefb9",
                "sha256:7f8837bf616335464f3713cbf562a3dcaad22c3ca9193f957018964ef871a68b",
                "sha256:854d58a8913ebf3b193b0dc8064155b034e8987de25f26838dfeca09151fda8a",
                "sha256:85e98a618fb36cdcc37501d8b9b8c1246651cc2f2db3a70702832523e0ae12f4",
                "sha256:8e945fc814bdc29564a2ce137c237b3a9848aa1e76a1160369b6e0d328151fdd",
                "sha256:c8a2e2931eea7e500fbf8e014b69022f3fab2e35a70da882e2fc753e5e487ae3",
                "sha256:e0ad3d860b9ce88a74cf7414bb4b1c6fd833813e7b818e76f49272c4974b19ce",
                "sha256:e1472ee231f323b4f4368b1b5f8f08481ed43af89697d45450c6ae4af46ac08a",
                "sha256:e19c8069f1a1450f835f23d47724530cf716d581fcafb398f534d044f806b8c2",
                "sha256:e9aef2b0b7687aecef48b1c6ff657d407ff24e75462877dcb888fa904c4a9c6d",
                "sha256:ea4b6df8ef7af38e864235256793bc3056e9699d991afcf6256fa298858582fc",
                "sha256:f9a4833530fe53001c351974e0c8bb660211b8d0358e592af185fec1ae12b2d0",
                "sha256:fd19d48440b152657966a52e627780c0ddbe9d907b8d7ee4598505e80a3c55c7",
                "sha256:fdbc2957b36115a576c515ffe963919f19d2683f3c76c9304ae88ef59f6b5ca6"
            ],
            "markers": "python_version >= '3.6'",
            "version": "==3.0.8"
        },
        "pydantic": {
            "hashes": [
                "sha256:05e00dbebbe810b33c7a7362f231893183bcc4251f3f2ff991c31d5c08240c42",
                "sha256:06094d18dd5e6f2bbf93efa54991c3240964bb663b87729ac340eb5014310624",
                "sha256:0b959f4d8211fc964772b595ebb25f7652da3f22322c007b6fed26846a40685e",
                "sha256:19b3b9ccf97af2b7519c42032441a891a5e05c68368f40865a90eb88833c2559",
                "sha256:1b6ee725bd6e83ec78b1aa32c5b1fa67a3a65badddde3976bca5fe4568f27709",
                "sha256:1ee433e274268a4b0c8fde7ad9d58ecba12b069a033ecc4645bb6303c062d2e9",
                "sha256:216f3bcbf19c726b1cc22b099dd409aa371f55c08800bcea4c44c8f74b73478d",
                "sha256:2d0567e60eb01bccda3a4df01df677adf6b437958d35c12a3ac3e0f078b0ee52",
                "sha256:2e05aed07fa02231dbf03d0adb1be1d79cabb09025dd45aa094aa8b4e7b9dcda",
                "sha256:352aedb1d71b8b0736c6d56ad2bd34c6982720644b0624462059ab29bd6e5912",
                "sha256:355639d9afc76bcb9b0c3000ddcd08472ae75318a6eb67a15866b87e2efa168c",
                "sha256:37c90345ec7dd2f1bcef82ce49b6235b40f282b94d3eec47e801baf864d15525",
                "sha256:4b8795290deaae348c4eba0cebb196e1c6b98bdbe7f50b2d0d9a4a99716342fe",
                "sha256:5760e164b807a48a8f25f8aa1a6d857e6ce62e7ec83ea5d5c5a802eac81bad41",
                "sha256:6eb843dcc411b6a2237a694f5e1d649fc66c6064d02b204a7e9d194dff81eb4b",
                "sha256:7b5ba54d026c2bd2cb769d3468885f23f43710f651688e91f5fb1edcf0ee9283",
                "sha256:7c2abc4393dea97a4ccbb4ec7d8658d4e22c4765b7b9b9445588f16c71ad9965",
                "sha256:81a7b66c3f499108b448f3f004801fcd7d7165fb4200acb03f1c2402da73ce4c",
                "sha256:91b8e218852ef6007c2b98cd861601c6a09f1aa32bbbb74fab5b1c33d4a1e410",
                "sha256:9300fcbebf85f6339a02c6994b2eb3ff1b9c8c14f502058b5bf349d42447dcf5",
                "sha256:9cabf4a7f05a776e7793e72793cd92cc865ea0e83a819f9ae4ecccb1b8aa6116",
                "sha256:a1f5a63a6dfe19d719b1b6e6106561869d2efaca6167f84f5ab9347887d78b98",
                "sha256:a4c805731c33a8db4b6ace45ce440c4ef5336e712508b4d9e1aafa617dc9907f",
                "sha256:ae544c47bec47a86bc7d350f965d8b15540e27e5aa4f55170ac6a75e5f73b644",
                "sha256:b97890e56a694486f772d36efd2ba31612739bc6f3caeee50e9e7e3ebd2fdd13",
                "sha256:bb6ad4489af1bac6955d38ebcb95079a836af31e4c4f74aba1ca05bb9f6027bd",
                "sha256:bedf309630209e78582ffacda64a21f96f3ed2e51fbf3962d4d488e503420254",
                "sha256:c1ba1afb396148bbc70e9eaa8c06c1716fdddabaf86e7027c5988bae2a829ab6",
                "sha256:c33602f93bfb67779f9c507e4d69451664524389546bacfe1bee13cae6dc7488",
                "sha256:c4aac8e7103bf598373208f6299fa9a5cfd1fc571f2d40bf1dd1955a63d6eeb5",
                "sha256:c6f981882aea41e021f72779ce2a4e87267458cc4d39ea990729e21ef18f0f8c",
                "sha256:cc78cc83110d2f275ec1970e7a831f4e371ee92405332ebfe9860a715f8336e1",
                "sha256:d49f3db871575e0426b12e2f32fdb25e579dea16486a26e5a0474af87cb1ab0a",
                "sha256:dd3f9a40c16daf323cf913593083698caee97df2804aa36c4b3175d5ac1b92a2",
                "sha256:e0bedafe4bc165ad0a56ac0bd7695df25c50f76961da29c050712596cf092d6d",
                "sha256:e9069e1b01525a96e6ff49e25876d90d5a563bc31c658289a8772ae186552236"
            ],
            "markers": "python_version >= '3.7'",
            "version": "==1.10.2"
        },
        "setuptools": {
            "hashes": [
                "sha256:6211d2f5eddad8757bd0484923ca7c0a6302ebc4ab32ea5e94357176e0ca0840",
                "sha256:d1eebf881c6114e51df1664bc2c9133d022f78d12d5f4f665b9191f084e2862d"
            ],
            "markers": "python_version >= '3.7'",
            "version": "==65.6.0"
        },
        "six": {
            "hashes": [
                "sha256:1e61c37477a1626458e36f7b1d82aa5c9b094fa4802892072e49de9c60c4c926",
                "sha256:8abb2f1d86890a2dfb989f9a77cfcfd3e47c2a354b01111771326f8aa26e0254"
            ],
            "markers": "python_version >= '2.7' and python_version not in '3.0, 3.1, 3.2, 3.3'",
            "version": "==1.16.0"
        },
        "srsly": {
            "hashes": [
                "sha256:04d0b4cd91e098cdac12d2c28e256b1181ba98bcd00e460b8e42dee3e8542804",
                "sha256:0f9abb7857f9363f1ac52123db94dfe1c4af8959a39d698eff791d17e45e00b6",
                "sha256:1434759effec2ee266a24acd9b53793a81cac01fc1e6321c623195eda1b9c7df",
                "sha256:1a41e5b10902c885cabe326ba86d549d7011e38534c45bed158ecb8abd4b44ce",
                "sha256:1c4291ee125796fb05e778e9ca8f9a829e8c314b757826f2e1d533e424a93531",
                "sha256:2d3b0d32be2267fb489da172d71399ac59f763189b47dbe68eedb0817afaa6dc",
                "sha256:5e7b0cd9853b0d9e00ad23d26199c1e44d8fd74096cbbbabc92447a915bcfd78",
                "sha256:6d83bea1f774b54d9313a374a95f11a776d37bcedcda93c526bf7f1cb5f26428",
                "sha256:764906e9f4c2ac5f748c49d95c8bf79648404ebc548864f9cb1fa0707942d830",
                "sha256:874010587a807264963de9a1c91668c43cee9ed2f683f5406bdf5a34dfe12cca",
                "sha256:8c26c5c0e07ea7bb7b8b8735e1b2261fea308c2c883b99211d11747162c6d897",
                "sha256:8f258ee69aefb053258ac2e4f4b9d597e622b79f78874534430e864cef0be199",
                "sha256:8fed31ef8acbb5fead2152824ef39e12d749fcd254968689ba5991dd257b63b4",
                "sha256:90359cc3c5601afd45ec12c52bde1cf1ccbe0dc7d4244fd1f8d0c9e100c71707",
                "sha256:95afe9625badaf5ce326e37b21362423d7e8578a5ec9c85b15c3fca93205a883",
                "sha256:9a95c682de8c6e6145199f10a7c597647ff7d398fb28874f845ba7d34a86a033",
                "sha256:a2075124d4872e754af966e76f3258cd526eeac84f0995ee8cd561fd4cf1b68e",
                "sha256:a49c089541a9a0a27ccb841a596350b7ee1d6adfc7ebd28eddedfd34dc9f12c5",
                "sha256:ace951c3088204bd66f30326f93ab6e615ce1562a461a8a464759d99fa9c2a02",
                "sha256:afa4e1fe143275339d1c4a74e46d4c75168eed8b200f44f2ea023d45ff089a2f",
                "sha256:b5a96f0ae15b651fa3fd87421bd93e61c6dc46c0831cbe275c9b790d253126b5",
                "sha256:c842258967baa527cea9367986e42b8143a1a890e7d4a18d25a36edc3c7a33c7",
                "sha256:cae5d48a0bda55a3728f49976ea0b652f508dbc5ac3e849f41b64a5753ec7f0a",
                "sha256:db6bc02bd1e3372a3636e47b22098107c9df2cf12d220321b51c586ba17904b3",
                "sha256:e0043eff95be45acb5ce09cebb80ebdb9f2b6856aa3a15979e6fe3cc9a486753",
                "sha256:f48d40c3b3d20e38410e7a95fa5b4050c035f467b0793aaf67188b1edad37fe3",
                "sha256:f74c64934423bcc2d3508cf3a079c7034e5cde988255dc57c7a09794c78f0610",
                "sha256:facab907801fbcb0e54b3532e04bc6a0709184d68004ef3a129e8c7e3ca63d82"
            ],
            "markers": "python_version >= '3.6'",
            "version": "==2.4.5"
        },
        "termcolor": {
            "hashes": [
                "sha256:67cee2009adc6449c650f6bcf3bdeed00c8ba53a8cda5362733c53e0a39fb70b",
                "sha256:fa852e957f97252205e105dd55bbc23b419a70fec0085708fc0515e399f304fd"
            ],
            "markers": "python_version >= '3.7'",
            "version": "==2.1.1"
        },
        "thinc": {
            "extras": [
                "blis"
            ],
            "hashes": [
                "sha256:098f873839738cea156cb5f64f893bfae212f6bd269361c33d78e9b5feca0534",
                "sha256:196658fbb22a7d4c89d72f8de8a7cae1a7acb4b5b13d4703e999a46c29431011",
                "sha256:1c0a3d10da09559ce64b7148eb86b1ba22e410e0bbfbc85bc567f2290f3dba74",
                "sha256:2bc7487f0772e30334d586b602b3359ccee2a58fc4b97305dacc43dcaca8e4b4",
                "sha256:5c844212c76eb302bea8f54d1cf562516cd51e7a599d47ed146a2dbdf73b7397",
                "sha256:6aea9ba220c4347a3873cdc26666cee29cd25bf277702e7d98a4ec67f709a92e",
                "sha256:a221666d2c7843887f871b2d105498389acccc274f5cd9dc8ec77abd0506dbbf",
                "sha256:c44563db199ae61d28fe282d07404f1fb6140f9d09be9a97718d82151b5968e0",
                "sha256:dfbe95332970ba24c58275bfd377f45f873790cb5ccb4bbb014bd73d42e8ff46",
                "sha256:ee7156707b5939eaac290a4768149155c378c55d7833608d70df2c45e4ff8b4b"
            ],
            "index": "pypi",
            "version": "==8.0.0a1"
        },
        "torch": {
            "hashes": [
                "sha256:271d4d1e44df6ed57c530f8849b028447c62b8a19b8e8740dd9baa56e7f682c1",
                "sha256:30ce089475b287a37d6fbb8d71853e672edaf66699e3dd2eb19be6ce6296732a",
                "sha256:405b9eb40e44037d2525b3ddb5bc4c66b519cd742bff249d4207d23f83e88ea5",
                "sha256:504915c6bc6051ba6a4c2a43c446463dff04411e352f1e26fe13debeae431778",
                "sha256:54d06a0e8ee85e5a437c24f4af9f4196c819294c23ffb5914e177756f55f1829",
                "sha256:6f2fd9eb8c7eaf38a982ab266dbbfba0f29fb643bc74e677d045d6f2595e4692",
                "sha256:8856f334aa9ecb742c1504bd2563d0ffb8dceb97149c8d72a04afa357f667dbc",
                "sha256:8fff03bf7b474c16e4b50da65ea14200cc64553b67b9b2307f9dc7e8c69b9d28",
                "sha256:9a1b1db73d8dcfd94b2eee24b939368742aa85f1217c55b8f5681e76c581e99a",
                "sha256:bb1e87063661414e1149bef2e3a2499ce0b5060290799d7e26bc5578037075ba",
                "sha256:d7b34a78f021935ad727a3bede56a8a8d4fda0b0272314a04c5f6890bbe7bb29"
            ],
            "index": "pypi",
            "version": "==1.4.0"
        },
        "torchvision": {
            "hashes": [
                "sha256:0ca9cae9ddf1784737493e201aa9411abe62a4479b2e67d1d51b4b7acf16f6eb",
                "sha256:1a68d3d98e074d995f3d42a492cca716b0d94605a6fadddf0ce9665425968669",
                "sha256:1af6d7b0a515d2a83fe9b6e7969b57ba94ba87a3333e7ed707324a5be1ef5f60",
                "sha256:2bf1dc1e16c73c5810d96e4ea463e61129e890100740cd57724413a84d301e41",
                "sha256:323500d349d8d91ce2662de41212e8eb1845c68dbf5d4f215ca1e94c7f20723b",
                "sha256:358967343eaba74fd748a87f40ea75ca23757e947dbef9a11cd53414d707f793",
                "sha256:35e9483858cf8a38debc647c74741605c5c12448d314aa96961082380aadf7e5",
                "sha256:4dd05cbc497210928ae3d4d6194561985263c879c3554e9f1823a0fa43d35746",
                "sha256:517425af7d41b64caae0f5d9e6b14eeb48d6e62d45f302b73a11a9ec5ee3b6c8",
                "sha256:78d455a1da7d10bd38f2e2a0d2ac285e4845c9e7e28aafdf068472cc96bd156b",
                "sha256:9e85ba17ff93a0cf6afd39b9a0ad56ca7321db4f1eb90d2034d3b0ecd79be47b",
                "sha256:a696ec5009eb52356508eb9b23ddb977043fb82ff7b204459e4c81aca1e5affe",
                "sha256:aa4354d339de2c5ea2633a6c94294c68bae3e42a4b099624299e2a50c9e97a85",
                "sha256:ec7e4cd54f5ff3a889b90f24b33da1fa9fe3f78d17348965678d9503de1e4a49",
                "sha256:fea3d431bf639c0719afff5972eb568ebe143eba447c1c8bb491c7dfb0025ed6"
            ],
            "index": "pypi",
            "version": "==0.5.0"
        },
        "tqdm": {
            "hashes": [
                "sha256:0d8b5afb66e23d80433102e9bd8b5c8b65d34c2a2255b2de58d97bd2ea8170fd",
                "sha256:f35fb121bafa030bd94e74fcfd44f3c2830039a2ddef7fc87ef1c2d205237b24"
            ],
            "index": "pypi",
            "version": "==4.43.0"
        },
        "typing-extensions": {
            "hashes": [
                "sha256:1511434bb92bf8dd198c12b1cc812e800d4181cfcb867674e0f8279cc93087aa",
                "sha256:16fa4864408f655d35ec496218b85f79b3437c829e93320c7c9215ccfd92489e"
            ],
            "markers": "python_version >= '3.7'",
            "version": "==4.4.0"
        },
        "wasabi": {
            "hashes": [
                "sha256:c8e372781be19272942382b14d99314d175518d7822057cb7a97010c4259d249",
                "sha256:fe862cc24034fbc9f04717cd312ab884f71f51a8ecabebc3449b751c2a649d83"
            ],
            "version": "==0.10.1"
        }
    },
    "develop": {
        "autopep8": {
            "hashes": [
                "sha256:cc6be1dfd46f2c7fa00e84a357f1a269683985b09eaffb47654ed551194399eb"
            ],
            "index": "pypi",
            "version": "==1.5.1"
        },
        "mypy": {
            "hashes": [
                "sha256:15b948e1302682e3682f11f50208b726a246ab4e6c1b39f9264a8796bb416aa2",
                "sha256:219a3116ecd015f8dca7b5d2c366c973509dfb9a8fc97ef044a36e3da66144a1",
                "sha256:3b1fc683fb204c6b4403a1ef23f0b1fac8e4477091585e0c8c54cbdf7d7bb164",
                "sha256:3beff56b453b6ef94ecb2996bea101a08f1f8a9771d3cbf4988a61e4d9973761",
                "sha256:7687f6455ec3ed7649d1ae574136835a4272b65b3ddcf01ab8704ac65616c5ce",
                "sha256:7ec45a70d40ede1ec7ad7f95b3c94c9cf4c186a32f6bacb1795b60abd2f9ef27",
                "sha256:86c857510a9b7c3104cf4cde1568f4921762c8f9842e987bc03ed4f160925754",
                "sha256:8a627507ef9b307b46a1fea9513d5c98680ba09591253082b4c48697ba05a4ae",
                "sha256:8dfb69fbf9f3aeed18afffb15e319ca7f8da9642336348ddd6cab2713ddcf8f9",
                "sha256:a34b577cdf6313bf24755f7a0e3f3c326d5c1f4fe7422d1d06498eb25ad0c600",
                "sha256:a8ffcd53cb5dfc131850851cc09f1c44689c2812d0beb954d8138d4f5fc17f65",
                "sha256:b90928f2d9eb2f33162405f32dde9f6dcead63a0971ca8a1b50eb4ca3e35ceb8",
                "sha256:c56ffe22faa2e51054c5f7a3bc70a370939c2ed4de308c690e7949230c995913",
                "sha256:f91c7ae919bbc3f96cd5e5b2e786b2b108343d1d7972ea130f7de27fdd547cf3"
            ],
            "index": "pypi",
            "version": "==0.770"
        },
        "mypy-extensions": {
            "hashes": [
                "sha256:090fedd75945a69ae91ce1303b5824f428daf5a028d2f6ab8a299250a846f15d",
                "sha256:2d82818f5bb3e369420cb3c4060a7970edba416647068eb4c5343488a6c604a8"
            ],
            "version": "==0.4.3"
        },
        "pycodestyle": {
            "hashes": [
                "sha256:2c9607871d58c76354b697b42f5d57e1ada7d261c261efac224b664affdc5785",
                "sha256:d1735fc58b418fd7c5f658d28d943854f8a849b01a5d0a1e6f3f3fdd0166804b"
            ],
            "markers": "python_version >= '3.6'",
            "version": "==2.9.1"
        },
        "typed-ast": {
            "hashes": [
                "sha256:01ae5f73431d21eead5015997ab41afa53aa1fbe252f9da060be5dad2c730ace",
                "sha256:067a74454df670dcaa4e59349a2e5c81e567d8d65458d480a5b3dfecec08c5ff",
                "sha256:0fb71b8c643187d7492c1f8352f2c15b4c4af3f6338f21681d3681b3dc31a266",
                "sha256:1b3ead4a96c9101bef08f9f7d1217c096f31667617b58de957f690c92378b528",
                "sha256:2068531575a125b87a41802130fa7e29f26c09a2833fea68d9a40cf33902eba6",
                "sha256:209596a4ec71d990d71d5e0d312ac935d86930e6eecff6ccc7007fe54d703808",
                "sha256:2c726c276d09fc5c414693a2de063f521052d9ea7c240ce553316f70656c84d4",
                "sha256:398e44cd480f4d2b7ee8d98385ca104e35c81525dd98c519acff1b79bdaac363",
                "sha256:52b1eb8c83f178ab787f3a4283f68258525f8d70f778a2f6dd54d3b5e5fb4341",
                "sha256:5feca99c17af94057417d744607b82dd0a664fd5e4ca98061480fd8b14b18d04",
                "sha256:7538e495704e2ccda9b234b82423a4038f324f3a10c43bc088a1636180f11a41",
                "sha256:760ad187b1041a154f0e4d0f6aae3e40fdb51d6de16e5c99aedadd9246450e9e",
                "sha256:777a26c84bea6cd934422ac2e3b78863a37017618b6e5c08f92ef69853e765d3",
                "sha256:95431a26309a21874005845c21118c83991c63ea800dd44843e42a916aec5899",
                "sha256:9ad2c92ec681e02baf81fdfa056fe0d818645efa9af1f1cd5fd6f1bd2bdfd805",
                "sha256:9c6d1a54552b5330bc657b7ef0eae25d00ba7ffe85d9ea8ae6540d2197a3788c",
                "sha256:aee0c1256be6c07bd3e1263ff920c325b59849dc95392a05f258bb9b259cf39c",
                "sha256:af3d4a73793725138d6b334d9d247ce7e5f084d96284ed23f22ee626a7b88e39",
                "sha256:b36b4f3920103a25e1d5d024d155c504080959582b928e91cb608a65c3a49e1a",
                "sha256:b9574c6f03f685070d859e75c7f9eeca02d6933273b5e69572e5ff9d5e3931c3",
                "sha256:bff6ad71c81b3bba8fa35f0f1921fb24ff4476235a6e94a26ada2e54370e6da7",
                "sha256:c190f0899e9f9f8b6b7863debfb739abcb21a5c054f911ca3596d12b8a4c4c7f",
                "sha256:c907f561b1e83e93fad565bac5ba9c22d96a54e7ea0267c708bffe863cbe4075",
                "sha256:cae53c389825d3b46fb37538441f75d6aecc4174f615d048321b716df2757fb0",
                "sha256:dd4a21253f42b8d2b48410cb31fe501d32f8b9fbeb1f55063ad102fe9c425e40",
                "sha256:dde816ca9dac1d9c01dd504ea5967821606f02e510438120091b84e852367428",
                "sha256:f2362f3cb0f3172c42938946dbc5b7843c2a28aec307c49100c8b38764eb6927",
                "sha256:f328adcfebed9f11301eaedfa48e15bdece9b519fb27e6a8c01aa52a17ec31b3",
                "sha256:f8afcf15cc511ada719a88e013cec87c11aff7b91f019295eb4530f96fe5ef2f",
                "sha256:fb1bbeac803adea29cedd70781399c99138358c26d05fcbd23c13016b7f5ec65"
            ],
            "version": "==1.4.3"
        },
        "typing-extensions": {
            "hashes": [
                "sha256:1511434bb92bf8dd198c12b1cc812e800d4181cfcb867674e0f8279cc93087aa",
                "sha256:16fa4864408f655d35ec496218b85f79b3437c829e93320c7c9215ccfd92489e"
            ],
            "markers": "python_version >= '3.7'",
            "version": "==4.4.0"
        }
    }
}
