{
    "_meta": {
        "hash": {
            "sha256": "b6a471e034013dacfc38da84a5dc8c00f250937d680a42ffb63cfbd519b3e110"
        },
        "pipfile-spec": 6,
        "requires": {
            "python_version": "3.8"
        },
        "sources": [
            {
                "name": "pypi",
                "url": "https://pypi.org/simple",
                "verify_ssl": true
            }
        ]
    },
    "default": {
        "blis": {
            "hashes": [
                "sha256:00473602629ba69fe6565108e21957e918cb48b59f5bf2f6bfb6e04de42500cb",
                "sha256:03c368c9716ca814c436550a5f1e02ccf74850e613602519e3941d212e5aa177",
                "sha256:135450caabc8aea9bb9250329ebdf7189982d9b57d5c92789b2ba2fe52c247a7",
                "sha256:1402d9cbb0fbc21b749dd5b87d7ee14249e74a0ca38be6ecc56b3b356fca2f21",
                "sha256:26b16d6005bb2671699831b5cc699905215d1abde1ec5c1d04de7dcd9eb29f75",
                "sha256:3347a4b1b7d3ae14476aac9a6f7bf8ebf464863f4ebf4aea228874a7694ea240",
                "sha256:38fe877a4b52e762f5e137a412e3c256545a696a12ae8c40d67b8815d2bb5097",
                "sha256:4fb89c47ee06b58a4410a16fd5794847517262c9d2a342643475b477dfeff0a4",
                "sha256:77a6486b9794af01bcdfd1bc6e067c93add4b93292e6f95bf6e5ce7f98bf0163",
                "sha256:856142a11e37fd2c47c5006a3197e157bb8469a491a73d2d442223dd3279df84",
                "sha256:8aeaf6954351593a1e412f80e398aa51df588d3c0de74b9f3323b694c603381b",
                "sha256:9ede123065f3cacb109967755b3d83d4ca0de90643a9058129a6ab2d4051954f",
                "sha256:d1d59faebc1c94f8f4f77154ef4b9d6d40364b111cf8fde48ee3b524c85f1075",
                "sha256:d69257d317e86f34a7f230a2fd1f021fd2a1b944137f40d8cdbb23bd334cd0c4",
                "sha256:ddd732c5274d1082fa92e2c42317587d5ebabce7741ca98120f69bd45d004b99",
                "sha256:f0b0dad4d6268d9dba0a65a9db12dd7a2d8686b648399e4aa1aec7550697e99e"
            ],
            "version": "==0.4.1"
        },
        "catalogue": {
            "hashes": [
                "sha256:4f56daa940913d3f09d589c191c74e5a6d51762b3a9e37dd53b7437afd6cda15",
                "sha256:58c2de0020aa90f4a2da7dfad161bf7b3b054c86a5f09fcedc0b2b740c109a9f"
            ],
            "markers": "python_version >= '3.6'",
            "version": "==2.0.10"
        },
        "cymem": {
            "hashes": [
                "sha256:0d5f83dc3cb5a39f0e32653cceb7c8ce0183d82f1162ca418356f4a8ed9e203e",
                "sha256:167d8019db3b40308aabf8183fd3fbbc256323b645e0cbf2035301058c439cd0",
                "sha256:17cd2c2791c8f6b52f269a756ba7463f75bf7265785388a2592623b84bb02bf8",
                "sha256:1e593cd57e2e19eb50c7ddaf7e230b73c890227834425b9dadcd4a86834ef2ab",
                "sha256:29a551eda23eebd6d076b855f77a5ed14a1d1cae5946f7b3cb5de502e21b39b0",
                "sha256:42c993589d1811ec665d37437d5677b8757f53afadd927bf8516ac8ce2d3a50c",
                "sha256:4ac218cf8a43a761dc6b2f14ae8d183aca2bbb85b60fe316fd6613693b2a7914",
                "sha256:6204f0a3307bf45d109bf698ba37997ce765f21e359284328e4306c7500fcde8",
                "sha256:6a6edddb30dd000a27987fcbc6f3c23b7fe1d74f539656952cb086288c0e4e29",
                "sha256:6b84b780d52cb2db53d4494fe0083c4c5ee1f7b5380ceaea5b824569009ee5bd",
                "sha256:6ce641f7ba0489bd1b42a4335a36f38c8507daffc29a512681afaba94a0257d2",
                "sha256:7372e2820fa66fd47d3b135f3eb574ab015f90780c3a21cfd4809b54f23a4723",
                "sha256:77b5d3a73c41a394efd5913ab7e48512054cd2dabb9582d489535456641c7666",
                "sha256:7bf49e3ea2c441f7b7848d5c61b50803e8cbd49541a70bb41ad22fce76d87603",
                "sha256:84f8c58cde71b8fc7024883031a4eec66c0a9a4d36b7850c3065493652695156",
                "sha256:8e370dd54359101b125bfb191aca0542718077b4edb90ccccba1a28116640fed",
                "sha256:8fb09d222e21dcf1c7e907dc85cf74501d4cea6c4ed4ac6c9e016f98fb59cbbf",
                "sha256:9235957f8c6bc2574a6a506a1687164ad629d0b4451ded89d49ebfc61b52660c",
                "sha256:a2cc38930ff5409f8d61f69a01e39ecb185c175785a1c9bec13bcd3ac8a614ba",
                "sha256:a4f8f2bfee34f6f38b206997727d29976666c89843c071a968add7d61a1e8024",
                "sha256:a63a2bef4c7e0aec7c9908bca0a503bf91ac7ec18d41dd50dc7dff5d994e4387",
                "sha256:ab3cf20e0eabee9b6025ceb0245dadd534a96710d43fb7a91a35e0b9e672ee44",
                "sha256:ada6eb022e4a0f4f11e6356a5d804ceaa917174e6cf33c0b3e371dbea4dd2601",
                "sha256:b896c83c08dadafe8102a521f83b7369a9c5cc3e7768eca35875764f56703f4c",
                "sha256:b9c05db55ea338648f8e5f51dd596568c7f62c5ae32bf3fa5b1460117910ebae",
                "sha256:bd33da892fb560ba85ea14b1528c381ff474048e861accc3366c8b491035a378",
                "sha256:cb51fddf1b920abb1f2742d1d385469bc7b4b8083e1cfa60255e19bc0900ccb5",
                "sha256:ceeab3ce2a92c7f3b2d90854efb32cb203e78cb24c836a5a9a2cac221930303b",
                "sha256:d513f0d5c6d76facdc605e42aa42c8d50bb7dedca3144ec2b47526381764deb0",
                "sha256:e4e57bee56d35b90fc2cba93e75b2ce76feaca05251936e28a96cf812a1f5dda",
                "sha256:e6b83a5972a64f62796118da79dfeed71f4e1e770b2b7455e889c909504c2358",
                "sha256:e8260445652ae5ab19fff6851f32969a7b774f309162e83367dd0f69aac5dbf7",
                "sha256:ecd12e3bacf3eed5486e4cd8ede3c12da66ee0e0a9d0ae046962bc2bb503acef"
            ],
            "version": "==2.0.8"
        },
        "fire": {
            "hashes": [
                "sha256:96c372096afcf33ddbadac8a7ca5b7e829e8d7157d0030bd964bf959afde5c2c"
            ],
            "index": "pypi",
            "version": "==0.3.0"
        },
        "imageio": {
            "hashes": [
                "sha256:1e4ab29b3775bb093c7a35854a0412857145450183344678829b30e72263b001",
                "sha256:fb5fd6d3d17126bbaac9af29fe340e2c97a196eb9416d4f28c0e543744a152cf"
            ],
            "index": "pypi",
            "version": "==2.8.0"
        },
        "imageio-ffmpeg": {
            "hashes": [
                "sha256:0ca618d19d9d7d8ed59f238d801a31a34d5cdf4dce2f00a6138f329e11cf4a04",
                "sha256:506ad83cabd7ad7059f017c8d05335975722dd0fd44c6c29155b09b9b7420319",
                "sha256:a672c28d047094ace90125b6e6d0936bc79e6233a4bd7f15c0df9fbc57590372",
                "sha256:b820e6b1f09c1c3c0acb6570f57a2c515c8ad353acca6853d738e67f47695662",
                "sha256:ff165f5081d34ef6bdcf6bef943a20b82291bafae68761ca8feaeefb799b80e7"
            ],
            "index": "pypi",
            "markers": "python_version >= '3.4'",
            "version": "==0.4.1"
        },
        "murmurhash": {
            "hashes": [
                "sha256:0438f0cb44cf1cd26251f72c1428213c4197d40a4e3f48b1efc3aea12ce18517",
                "sha256:16ef9f0855952493fe08929d23865425906a8c0c40607ac8a949a378652ba6a9",
                "sha256:18b9d200a09d48ef67f6840b77c14f151f2b6c48fd69661eb75c7276ebdb146c",
                "sha256:1b64e5332932993fef598e78d633b1ba664789ab73032ed511f3dc615a631a1a",
                "sha256:1c9fbcd7646ad8ba67b895f71d361d232c6765754370ecea473dd97d77afe99f",
                "sha256:22e9926fdbec9d24ced9b0a42f0fee68c730438be3cfb00c2499fd495caec226",
                "sha256:2cc3351ae92b89c2fcdc6e41ac6f17176dbd9b3554c96109fd0713695d8663e7",
                "sha256:3310101004d9e2e0530c2fed30174448d998ffd1b50dcbfb7677e95db101aa4b",
                "sha256:3e90eef568adca5e17a91f96975e9a782ace3a617bbb3f8c8c2d917096e9bfeb",
                "sha256:4904f7e68674a64eb2b08823c72015a5e14653e0b4b109ea00c652a005a59bad",
                "sha256:5282aab1317804c6ebd6dd7f69f15ba9075aee671c44a34be2bde0f1b11ef88a",
                "sha256:54bfbfd68baa99717239b8844600db627f336a08b1caf4df89762999f681cdd1",
                "sha256:55f4e4f9291a53c36070330950b472d72ba7d331e4ce3ce1ab349a4f458f7bc4",
                "sha256:6559fef7c2e7349a42a63549067709b656d6d1580752bd76be1541d8b2d65718",
                "sha256:6e2a38437a8497e082408aa015c6d90554b9e00c2c221fdfa79728a2d99a739e",
                "sha256:7024ab3498434f22f8e642ae31448322ad8228c65c8d9e5dc2d563d57c14c9b8",
                "sha256:8b580b8503647de5dd7972746b7613ea586270f17ac92a44872a9b1b52c36d68",
                "sha256:8bf49e3bb33febb7057ae3a5d284ef81243a1e55eaa62bdcd79007cddbdc0461",
                "sha256:90ed37ee2cace9381b83d56068334f77e3e30bc521169a1f886a2a2800e965d6",
                "sha256:96f0a070344d4802ea76a160e0d4c88b7dc10454d2426f48814482ba60b38b9e",
                "sha256:97e09d675de2359e586f09de1d0de1ab39f9911edffc65c9255fb5e04f7c1f85",
                "sha256:9f61862060d677c84556610ac0300a0776cb13cb3155f5075ed97e80f86e55d9",
                "sha256:a4209962b9f85de397c3203ea4b3a554da01ae9fd220fdab38757d4e9eba8d1a",
                "sha256:a99dedfb7f0cc5a4cd76eb409ee98d3d50eba024f934e705914f6f4d765aef2c",
                "sha256:b3b6d2d877d8881a08be66d906856d05944be0faf22b9a0390338bcf45299989",
                "sha256:c65401a6f1778676253cbf89c1f45a8a7feb7d73038e483925df7d5943c08ed9",
                "sha256:d75840212bf75eb1352c946c3cf1622dacddd6d6bdda34368237d1eb3568f23a",
                "sha256:d8f54b0031d8696fed17ed6e9628f339cdea0ba2367ca051e18ff59193f52687",
                "sha256:db1171a3f9a10571931764cdbfaa5371f4cf5c23c680639762125cb075b833a5",
                "sha256:e5d7cfe392c0a28129226271008e61e77bf307afc24abf34f386771daa7b28b0",
                "sha256:f1605fde07030516eb63d77a598dd164fb9bf217fd937dbac588fe7e47a28c40",
                "sha256:f23f2dfc7174de2cdc5007c0771ab8376a2a3f48247f32cac4a5563e40c6adcc",
                "sha256:f8ecb00cc1ab57e4b065f9fb3ea923b55160c402d959c69a0b6dbbe8bc73efc3"
            ],
            "markers": "python_version >= '3.6'",
            "version": "==1.0.10"
        },
        "numpy": {
            "hashes": [
                "sha256:04640dab83f7c6c85abf9cd729c5b65f1ebd0ccf9de90b270cd61935eef0197f",
                "sha256:1452241c290f3e2a312c137a9999cdbf63f78864d63c79039bda65ee86943f61",
                "sha256:222e40d0e2548690405b0b3c7b21d1169117391c2e82c378467ef9ab4c8f0da7",
                "sha256:2541312fbf09977f3b3ad449c4e5f4bb55d0dbf79226d7724211acc905049400",
                "sha256:31f13e25b4e304632a4619d0e0777662c2ffea99fcae2029556b17d8ff958aef",
                "sha256:4602244f345453db537be5314d3983dbf5834a9701b7723ec28923e2889e0bb2",
                "sha256:4979217d7de511a8d57f4b4b5b2b965f707768440c17cb70fbf254c4b225238d",
                "sha256:4c21decb6ea94057331e111a5bed9a79d335658c27ce2adb580fb4d54f2ad9bc",
                "sha256:6620c0acd41dbcb368610bb2f4d83145674040025e5536954782467100aa8835",
                "sha256:692f2e0f55794943c5bfff12b3f56f99af76f902fc47487bdfe97856de51a706",
                "sha256:7215847ce88a85ce39baf9e89070cb860c98fdddacbaa6c0da3ffb31b3350bd5",
                "sha256:79fc682a374c4a8ed08b331bef9c5f582585d1048fa6d80bc6c35bc384eee9b4",
                "sha256:7ffe43c74893dbf38c2b0a1f5428760a1a9c98285553c89e12d70a96a7f3a4d6",
                "sha256:80f5e3a4e498641401868df4208b74581206afbee7cf7b8329daae82676d9463",
                "sha256:95f7ac6540e95bc440ad77f56e520da5bf877f87dca58bd095288dce8940532a",
                "sha256:9667575fb6d13c95f1b36aca12c5ee3356bf001b714fc354eb5465ce1609e62f",
                "sha256:a5425b114831d1e77e4b5d812b69d11d962e104095a5b9c3b641a218abcc050e",
                "sha256:b4bea75e47d9586d31e892a7401f76e909712a0fd510f58f5337bea9572c571e",
                "sha256:b7b1fc9864d7d39e28f41d089bfd6353cb5f27ecd9905348c24187a768c79694",
                "sha256:befe2bf740fd8373cf56149a5c23a0f601e82869598d41f8e188a0e9869926f8",
                "sha256:c0bfb52d2169d58c1cdb8cc1f16989101639b34c7d3ce60ed70b19c63eba0b64",
                "sha256:d11efb4dbecbdf22508d55e48d9c8384db795e1b7b51ea735289ff96613ff74d",
                "sha256:dd80e219fd4c71fc3699fc1dadac5dcf4fd882bfc6f7ec53d30fa197b8ee22dc",
                "sha256:e2926dac25b313635e4d6cf4dc4e51c8c0ebfed60b801c799ffc4c32bf3d1254",
                "sha256:e98f220aa76ca2a977fe435f5b04d7b3470c0a2e6312907b37ba6068f26787f2",
                "sha256:ed094d4f0c177b1b8e7aa9cba7d6ceed51c0e569a5318ac0ca9a090680a6a1b1",
                "sha256:f136bab9c2cfd8da131132c2cf6cc27331dd6fae65f95f69dcd4ae3c3639c810",
                "sha256:f3a86ed21e4f87050382c7bc96571755193c4c1392490744ac73d660e8f564a9"
            ],
            "markers": "python_version >= '3.8'",
            "version": "==1.24.4"
        },
        "pillow": {
            "hashes": [
                "sha256:0462b1496505a3462d0f35dc1c4d7b54069747d65d00ef48e736acda2c8cbdff",
                "sha256:186f7e04248103482ea6354af6d5bcedb62941ee08f7f788a1c7707bc720c66f",
                "sha256:19e9adb3f22d4c416e7cd79b01375b17159d6990003633ff1d8377e21b7f1b21",
                "sha256:28444cb6ad49726127d6b340217f0627abc8732f1194fd5352dec5e6a0105635",
                "sha256:2872f2d7846cf39b3dbff64bc1104cc48c76145854256451d33c5faa55c04d1a",
                "sha256:2cc6b86ece42a11f16f55fe8903595eff2b25e0358dec635d0a701ac9586588f",
                "sha256:2d7e91b4379f7a76b31c2dda84ab9e20c6220488e50f7822e59dac36b0cd92b1",
                "sha256:2fa6dd2661838c66f1a5473f3b49ab610c98a128fc08afbe81b91a1f0bf8c51d",
                "sha256:32bec7423cdf25c9038fef614a853c9d25c07590e1a870ed471f47fb80b244db",
                "sha256:3855447d98cced8670aaa63683808df905e956f00348732448b5a6df67ee5849",
                "sha256:3a04359f308ebee571a3127fdb1bd01f88ba6f6fb6d087f8dd2e0d9bff43f2a7",
                "sha256:3a0d3e54ab1df9df51b914b2233cf779a5a10dfd1ce339d0421748232cea9876",
                "sha256:44e7e4587392953e5e251190a964675f61e4dae88d1e6edbe9f36d6243547ff3",
                "sha256:459307cacdd4138edee3875bbe22a2492519e060660eaf378ba3b405d1c66317",
                "sha256:4ce90f8a24e1c15465048959f1e94309dfef93af272633e8f37361b824532e91",
                "sha256:50bd5f1ebafe9362ad622072a1d2f5850ecfa44303531ff14353a4059113b12d",
                "sha256:522ff4ac3aaf839242c6f4e5b406634bfea002469656ae8358644fc6c4856a3b",
                "sha256:552912dbca585b74d75279a7570dd29fa43b6d93594abb494ebb31ac19ace6bd",
                "sha256:5d6c9049c6274c1bb565021367431ad04481ebb54872edecfcd6088d27edd6ed",
                "sha256:697a06bdcedd473b35e50a7e7506b1d8ceb832dc238a336bd6f4f5aa91a4b500",
                "sha256:71671503e3015da1b50bd18951e2f9daf5b6ffe36d16f1eb2c45711a301521a7",
                "sha256:723bd25051454cea9990203405fa6b74e043ea76d4968166dfd2569b0210886a",
                "sha256:764d2c0daf9c4d40ad12fbc0abd5da3af7f8aa11daf87e4fa1b834000f4b6b0a",
                "sha256:787bb0169d2385a798888e1122c980c6eff26bf941a8ea79747d35d8f9210ca0",
                "sha256:7f771e7219ff04b79e231d099c0a28ed83aa82af91fd5fa9fdb28f5b8d5addaf",
                "sha256:847e8d1017c741c735d3cd1883fa7b03ded4f825a6e5fcb9378fd813edee995f",
                "sha256:84efb46e8d881bb06b35d1d541aa87f574b58e87f781cbba8d200daa835b42e1",
                "sha256:898f1d306298ff40dc1b9ca24824f0488f6f039bc0e25cfb549d3195ffa17088",
                "sha256:8b451d6ead6e3500b6ce5c7916a43d8d8d25ad74b9102a629baccc0808c54971",
                "sha256:8f06be50669087250f319b706decf69ca71fdecd829091a37cc89398ca4dc17a",
                "sha256:92a23b0431941a33242b1f0ce6c88a952e09feeea9af4e8be48236a68ffe2205",
                "sha256:93139acd8109edcdeffd85e3af8ae7d88b258b3a1e13a038f542b79b6d255c54",
                "sha256:98533fd7fa764e5f85eebe56c8e4094db912ccbe6fbf3a58778d543cadd0db08",
                "sha256:9f665d1e6474af9f9da5e86c2a3a2d2d6204e04d5af9c06b9d42afa6ebde3f21",
                "sha256:b059ac2c4c7a97daafa7dc850b43b2d3667def858a4f112d1aa082e5c3d6cf7d",
                "sha256:b1be1c872b9b5fcc229adeadbeb51422a9633abd847c0ff87dc4ef9bb184ae08",
                "sha256:b7cf63d2c6928b51d35dfdbda6f2c1fddbe51a6bc4a9d4ee6ea0e11670dd981e",
                "sha256:bc2e3069569ea9dbe88d6b8ea38f439a6aad8f6e7a6283a38edf61ddefb3a9bf",
                "sha256:bcf1207e2f2385a576832af02702de104be71301c2696d0012b1b93fe34aaa5b",
                "sha256:ca26ba5767888c84bf5a0c1a32f069e8204ce8c21d00a49c90dabeba00ce0145",
                "sha256:cbe68deb8580462ca0d9eb56a81912f59eb4542e1ef8f987405e35a0179f4ea2",
                "sha256:d6caf3cd38449ec3cd8a68b375e0c6fe4b6fd04edb6c9766b55ef84a6e8ddf2d",
                "sha256:d72967b06be9300fed5cfbc8b5bafceec48bf7cdc7dab66b1d2549035287191d",
                "sha256:d889b53ae2f030f756e61a7bff13684dcd77e9af8b10c6048fb2c559d6ed6eaf",
                "sha256:de596695a75496deb3b499c8c4f8e60376e0516e1a774e7bc046f0f48cd620ad",
                "sha256:e6a90167bcca1216606223a05e2cf991bb25b14695c518bc65639463d7db722d",
                "sha256:ed2d9c0704f2dc4fa980b99d565c0c9a543fe5101c25b3d60488b8ba80f0cce1",
                "sha256:ee7810cf7c83fa227ba9125de6084e5e8b08c59038a7b2c9045ef4dde61663b4",
                "sha256:f0b4b06da13275bc02adfeb82643c4a6385bd08d26f03068c2796f60d125f6f2",
                "sha256:f11c9102c56ffb9ca87134bd025a43d2aba3f1155f508eff88f694b33a9c6d19",
                "sha256:f5bb289bb835f9fe1a1e9300d011eef4d69661bb9b34d5e196e5e82c4cb09b37",
                "sha256:f6d3d4c905e26354e8f9d82548475c46d8e0889538cb0657aa9c6f0872a37aa4",
                "sha256:fcb59711009b0168d6ee0bd8fb5eb259c4ab1717b2f538bbf36bacf207ef7a68",
                "sha256:fd2a5403a75b54661182b75ec6132437a181209b901446ee5724b589af8edef1"
            ],
            "index": "pypi",
            "markers": "python_version >= '3.8'",
            "version": "==10.0.1"
        },
        "preshed": {
            "hashes": [
                "sha256:0de63a560f10107a3f0a9e252cc3183b8fdedcb5f81a86938fd9f1dcf8a64adf",
                "sha256:182138033c0730c683a6d97e567ceb8a3e83f3bff5704f300d582238dbd384b3",
                "sha256:1fa6d3d5529b08296ff9b7b4da1485c080311fd8744bbf3a86019ff88007b382",
                "sha256:23906d114fc97c17c5f8433342495d7562e96ecfd871289c2bb2ed9a9df57c3f",
                "sha256:24229c77364628743bc29c5620c5d6607ed104f0e02ae31f8a030f99a78a5ceb",
                "sha256:2d473c5f6856e07a88d41fe00bb6c206ecf7b34c381d30de0b818ba2ebaf9406",
                "sha256:3452b64d97ce630e200c415073040aa494ceec6b7038f7a2a3400cbd7858e952",
                "sha256:345a10be3b86bcc6c0591d343a6dc2bfd86aa6838c30ced4256dfcfa836c3a64",
                "sha256:3a9ad9f738084e048a7c94c90f40f727217387115b2c9a95c77f0ce943879fcd",
                "sha256:4a55091d0e395f1fdb62ab43401bb9f8b46c7d7794d5b071813c29dc1ab22fd0",
                "sha256:4f96ef4caf9847b2bb9868574dcbe2496f974e41c2b83d6621c24fb4c3fc57e3",
                "sha256:51d0192274aa061699b284f9fd08416065348edbafd64840c3889617ee1609de",
                "sha256:5cb90ecd5bec71c21d95962db1a7922364d6db2abe284a8c4b196df8bbcc871e",
                "sha256:721863c5244ffcd2651ad0928951a2c7c77b102f4e11a251ad85d37ee7621660",
                "sha256:778cf71f82cedd2719b256f3980d556d6fb56ec552334ba79b49d16e26e854a0",
                "sha256:78590a4a952747c3766e605ce8b747741005bdb1a5aa691a18aae67b09ece0e6",
                "sha256:7de8f5138bcac7870424e09684dc3dd33c8e30e81b269f6c9ede3d8c7bb8e257",
                "sha256:7fe81eb21c7d99e8b9a802cc313b998c5f791bda592903c732b607f78a6b7dc4",
                "sha256:96b857d7a62cbccc3845ac8c41fd23addf052821be4eb987f2eb0da3d8745aa1",
                "sha256:99499e8a58f58949d3f591295a97bca4e197066049c96f5d34944dd21a497193",
                "sha256:a61302cf8bd30568631adcdaf9e6b21d40491bd89ba8ebf67324f98b6c2a2c05",
                "sha256:a671dfa30b67baa09391faf90408b69c8a9a7f81cb9d83d16c39a182355fbfce",
                "sha256:a6e579439b329eb93f32219ff27cb358b55fbb52a4862c31a915a098c8a22ac2",
                "sha256:ac970d97b905e9e817ec13d31befd5b07c9cfec046de73b551d11a6375834b79",
                "sha256:b4fe6720012c62e6d550d6a5c1c7ad88cacef8388d186dad4bafea4140d9d198",
                "sha256:b73b0f7ecc58095ebbc6ca26ec806008ef780190fe685ce471b550e7eef58dc2",
                "sha256:bfd523085a84b1338ff18f61538e1cfcdedc4b9e76002589a301c364d19a2e36",
                "sha256:e04f05758875be9751e483bd3c519c22b00d3b07f5a64441ec328bb9e3c03700",
                "sha256:e304a0a8c9d625b70ba850c59d4e67082a6be9c16c4517b97850a17a282ebee6",
                "sha256:e7c2364da27f2875524ce1ca754dc071515a9ad26eb5def4c7e69129a13c9a59",
                "sha256:ea6b6566997dc3acd8c6ee11a89539ac85c77275b4dcefb2dc746d11053a5af8",
                "sha256:eebaa96ece6641cd981491cba995b68c249e0b6877c84af74971eacf8990aa19",
                "sha256:ef1e5173809d85edd420fc79563b286b88b4049746b797845ba672cf9435c0e7"
            ],
            "markers": "python_version >= '3.6'",
            "version": "==3.0.9"
        },
        "pydantic": {
            "hashes": [
                "sha256:1740068fd8e2ef6eb27a20e5651df000978edce6da6803c2bef0bc74540f9548",
                "sha256:210ce042e8f6f7c01168b2d84d4c9eb2b009fe7bf572c2266e235edf14bacd80",
                "sha256:32c8b48dcd3b2ac4e78b0ba4af3a2c2eb6048cb75202f0ea7b34feb740efc340",
                "sha256:3ecea2b9d80e5333303eeb77e180b90e95eea8f765d08c3d278cd56b00345d01",
                "sha256:4b03e42ec20286f052490423682016fd80fda830d8e4119f8ab13ec7464c0132",
                "sha256:4c5370a7edaac06daee3af1c8b1192e305bc102abcbf2a92374b5bc793818599",
                "sha256:56e3ff861c3b9c6857579de282ce8baabf443f42ffba355bf070770ed63e11e1",
                "sha256:5a1f9f747851338933942db7af7b6ee8268568ef2ed86c4185c6ef4402e80ba8",
                "sha256:5e08865bc6464df8c7d61439ef4439829e3ab62ab1669cddea8dd00cd74b9ffe",
                "sha256:61d9dce220447fb74f45e73d7ff3b530e25db30192ad8d425166d43c5deb6df0",
                "sha256:654db58ae399fe6434e55325a2c3e959836bd17a6f6a0b6ca8107ea0571d2e17",
                "sha256:678bcf5591b63cc917100dc50ab6caebe597ac67e8c9ccb75e698f66038ea953",
                "sha256:6cf25c1a65c27923a17b3da28a0bdb99f62ee04230c931d83e888012851f4e7f",
                "sha256:75ac15385a3534d887a99c713aa3da88a30fbd6204a5cd0dc4dab3d770b9bd2f",
                "sha256:75b297827b59bc229cac1a23a2f7a4ac0031068e5be0ce385be1462e7e17a35d",
                "sha256:7d6f6e7305244bddb4414ba7094ce910560c907bdfa3501e9db1a7fd7eaea127",
                "sha256:84bafe2e60b5e78bc64a2941b4c071a4b7404c5c907f5f5a99b0139781e69ed8",
                "sha256:854223752ba81e3abf663d685f105c64150873cc6f5d0c01d3e3220bcff7d36f",
                "sha256:8ae5dd6b721459bfa30805f4c25880e0dd78fc5b5879f9f7a692196ddcb5a580",
                "sha256:8ef467901d7a41fa0ca6db9ae3ec0021e3f657ce2c208e98cd511f3161c762c6",
                "sha256:968ac42970f57b8344ee08837b62f6ee6f53c33f603547a55571c954a4225691",
                "sha256:97cce3ae7341f7620a0ba5ef6cf043975cd9d2b81f3aa5f4ea37928269bc1b87",
                "sha256:9849f031cf8a2f0a928fe885e5a04b08006d6d41876b8bbd2fc68a18f9f2e3fd",
                "sha256:9f00790179497767aae6bcdc36355792c79e7bbb20b145ff449700eb076c5f96",
                "sha256:b87326822e71bd5f313e7d3bfdc77ac3247035ac10b0c0618bd99dcf95b1e687",
                "sha256:b97c1fac8c49be29486df85968682b0afa77e1b809aff74b83081cc115e52f33",
                "sha256:bc0898c12f8e9c97f6cd44c0ed70d55749eaf783716896960b4ecce2edfd2d69",
                "sha256:c553f6a156deb868ba38a23cf0df886c63492e9257f60a79c0fd8e7173537653",
                "sha256:c636925f38b8db208e09d344c7aa4f29a86bb9947495dd6b6d376ad10334fb78",
                "sha256:c958d053453a1c4b1c2062b05cd42d9d5c8eb67537b8d5a7e3c3032943ecd261",
                "sha256:d3a3c792a58e1622667a2837512099eac62490cdfd63bd407993aaf200a4cf1f",
                "sha256:e31647d85a2013d926ce60b84f9dd5300d44535a9941fe825dc349ae1f760df9",
                "sha256:e70ca129d2053fb8b728ee7d1af8e553a928d7e301a311094b8a0501adc8763d",
                "sha256:efff03cc7a4f29d9009d1c96ceb1e7a70a65cfe86e89d34e4a5f2ab1e5693737",
                "sha256:f59ef915cac80275245824e9d771ee939133be38215555e9dc90c6cb148aaeb5",
                "sha256:f8e81fc5fb17dae698f52bdd1c4f18b6ca674d7068242b2aff075f588301bbb0"
            ],
            "markers": "python_version >= '3.7'",
            "version": "==1.10.13"
        },
        "setuptools": {
            "hashes": [
                "sha256:4ac1475276d2f1c48684874089fefcd83bd7162ddaafb81fac866ba0db282a87",
                "sha256:b454a35605876da60632df1a60f736524eb73cc47bbc9f3f1ef1b644de74fd2a"
            ],
            "markers": "python_version >= '3.8'",
            "version": "==68.2.2"
        },
        "six": {
            "hashes": [
                "sha256:1e61c37477a1626458e36f7b1d82aa5c9b094fa4802892072e49de9c60c4c926",
                "sha256:8abb2f1d86890a2dfb989f9a77cfcfd3e47c2a354b01111771326f8aa26e0254"
            ],
            "markers": "python_version >= '2.7' and python_version not in '3.0, 3.1, 3.2, 3.3'",
            "version": "==1.16.0"
        },
        "srsly": {
            "hashes": [
                "sha256:06d1733f4275eff4448e96521cc7dcd8fdabd68ba9b54ca012dcfa2690db2644",
                "sha256:087e36439af517e259843df93eb34bb9e2d2881c34fa0f541589bcfbc757be97",
                "sha256:0ac3e340e65a9fe265105705586aa56054dc3902789fcb9a8f860a218d6c0a00",
                "sha256:0b070a58e21ab0e878fd949f932385abb4c53dd0acb6d3a7ee75d95d447bc609",
                "sha256:17f3bcb418bb4cf443ed3d4dcb210e491bd9c1b7b0185e6ab10b6af3271e63b2",
                "sha256:18685084e2e0cc47c25158cbbf3e44690e494ef77d6418c2aae0598c893f35b0",
                "sha256:196b4261f9d6372d1d3d16d1216b90c7e370b4141471322777b7b3c39afd1210",
                "sha256:24d05367b2571c0d08d00459636b951e3ca2a1e9216318c157331f09c33489d3",
                "sha256:3fd661a1c4848deea2849b78f432a70c75d10968e902ca83c07c89c9b7050ab8",
                "sha256:4750017e6d78590b02b12653e97edd25aefa4734281386cc27501d59b7481e4e",
                "sha256:50f10afe9230072c5aad9f6636115ea99b32c102f4c61e8236d8642c73ec7a13",
                "sha256:5472ed9f581e10c32e79424c996cf54c46c42237759f4224806a0cd4bb770993",
                "sha256:5a78ab9e9d177ee8731e950feb48c57380036d462b49e3fb61a67ce529ff5f60",
                "sha256:5a9dc1da5cc94d77056b91ba38365c72ae08556b6345bef06257c7e9eccabafe",
                "sha256:6a60c905fd2c15e848ce1fc315fd34d8a9cc72c1dee022a0d8f4c62991131307",
                "sha256:7347cff1eb4ef3fc335d9d4acc89588051b2df43799e5d944696ef43da79c873",
                "sha256:7583c03d114b4478b7a357a1915305163e9eac2dfe080da900555c975cca2a11",
                "sha256:7a919236a090fb93081fbd1cec030f675910f3863825b34a9afbcae71f643127",
                "sha256:822a38b8cf112348f3accbc73274a94b7bf82515cb14a85ba586d126a5a72851",
                "sha256:94ccdd2f6db824c31266aaf93e0f31c1c43b8bc531cd2b3a1d924e3c26a4f294",
                "sha256:980a179cbf4eb5bc56f7507e53f76720d031bcf0cef52cd53c815720eb2fc30c",
                "sha256:98286d20014ed2067ad02b0be1e17c7e522255b188346e79ff266af51a54eb33",
                "sha256:aa034cd582ba9e4a120c8f19efa263fcad0f10fc481e73fb8c0d603085f941c4",
                "sha256:ace7ed4a0c20fa54d90032be32f9c656b6d75445168da78d14fe9080a0c208ad",
                "sha256:ad141d8a130cb085a0ed3a6638b643e2b591cb98a4591996780597a632acfe20",
                "sha256:b24d95a65009c2447e0b49cda043ac53fecf4f09e358d87a57446458f91b8a91",
                "sha256:be5b751ad88fdb58fb73871d456248c88204f213aaa3c9aab49b6a1802b3fa8d",
                "sha256:c994a89ba247a4d4f63ef9fdefb93aa3e1f98740e4800d5351ebd56992ac75e3",
                "sha256:d2fd4bc081f1d6a6063396b6d97b00d98e86d9d3a3ac2949dba574a84e148080",
                "sha256:db72d2974f91aee652d606c7def98744ca6b899bd7dd3009fd75ebe0b5a51034",
                "sha256:dc0bf7b6f23c9ecb49ec0924dc645620276b41e160e9b283ed44ca004c060d79",
                "sha256:e0b8d5722057000694edf105b8f492e7eb2f3aa6247a5f0c9170d1e0d074151c",
                "sha256:ec37233fe39af97b00bf20dc2ceda04d39b9ea19ce0ee605e16ece9785e11f65",
                "sha256:ff8df21d00d73c371bead542cefef365ee87ca3a5660de292444021ff84e3b8c"
            ],
            "markers": "python_version >= '3.6'",
            "version": "==2.4.8"
        },
        "termcolor": {
            "hashes": [
                "sha256:3afb05607b89aed0ffe25202399ee0867ad4d3cb4180d98aaf8eefa6a5f7d475",
                "sha256:b5b08f68937f138fe92f6c089b99f1e2da0ae56c52b78bf7075fd95420fd9a5a"
            ],
            "markers": "python_version >= '3.7'",
            "version": "==2.3.0"
        },
        "thinc": {
            "extras": [
                "blis"
            ],
            "hashes": [
                "sha256:098f873839738cea156cb5f64f893bfae212f6bd269361c33d78e9b5feca0534",
                "sha256:196658fbb22a7d4c89d72f8de8a7cae1a7acb4b5b13d4703e999a46c29431011",
                "sha256:1c0a3d10da09559ce64b7148eb86b1ba22e410e0bbfbc85bc567f2290f3dba74",
                "sha256:2bc7487f0772e30334d586b602b3359ccee2a58fc4b97305dacc43dcaca8e4b4",
                "sha256:5c844212c76eb302bea8f54d1cf562516cd51e7a599d47ed146a2dbdf73b7397",
                "sha256:6aea9ba220c4347a3873cdc26666cee29cd25bf277702e7d98a4ec67f709a92e",
                "sha256:a221666d2c7843887f871b2d105498389acccc274f5cd9dc8ec77abd0506dbbf",
                "sha256:c44563db199ae61d28fe282d07404f1fb6140f9d09be9a97718d82151b5968e0",
                "sha256:dfbe95332970ba24c58275bfd377f45f873790cb5ccb4bbb014bd73d42e8ff46",
                "sha256:ee7156707b5939eaac290a4768149155c378c55d7833608d70df2c45e4ff8b4b"
            ],
            "markers": "python_version >= '3.6'",
            "version": "==8.0.0a1"
        },
        "torch": {
            "hashes": [
                "sha256:271d4d1e44df6ed57c530f8849b028447c62b8a19b8e8740dd9baa56e7f682c1",
                "sha256:30ce089475b287a37d6fbb8d71853e672edaf66699e3dd2eb19be6ce6296732a",
                "sha256:405b9eb40e44037d2525b3ddb5bc4c66b519cd742bff249d4207d23f83e88ea5",
                "sha256:504915c6bc6051ba6a4c2a43c446463dff04411e352f1e26fe13debeae431778",
                "sha256:54d06a0e8ee85e5a437c24f4af9f4196c819294c23ffb5914e177756f55f1829",
                "sha256:6f2fd9eb8c7eaf38a982ab266dbbfba0f29fb643bc74e677d045d6f2595e4692",
                "sha256:8856f334aa9ecb742c1504bd2563d0ffb8dceb97149c8d72a04afa357f667dbc",
                "sha256:8fff03bf7b474c16e4b50da65ea14200cc64553b67b9b2307f9dc7e8c69b9d28",
                "sha256:9a1b1db73d8dcfd94b2eee24b939368742aa85f1217c55b8f5681e76c581e99a",
                "sha256:bb1e87063661414e1149bef2e3a2499ce0b5060290799d7e26bc5578037075ba",
                "sha256:d7b34a78f021935ad727a3bede56a8a8d4fda0b0272314a04c5f6890bbe7bb29"
            ],
            "index": "pypi",
            "markers": "python_version >= '2.7' and python_version not in '3.0, 3.1, 3.2, 3.3, 3.4'",
            "version": "==1.4.0"
        },
        "torchvision": {
            "hashes": [
                "sha256:0ca9cae9ddf1784737493e201aa9411abe62a4479b2e67d1d51b4b7acf16f6eb",
                "sha256:1a68d3d98e074d995f3d42a492cca716b0d94605a6fadddf0ce9665425968669",
                "sha256:1af6d7b0a515d2a83fe9b6e7969b57ba94ba87a3333e7ed707324a5be1ef5f60",
                "sha256:2bf1dc1e16c73c5810d96e4ea463e61129e890100740cd57724413a84d301e41",
                "sha256:323500d349d8d91ce2662de41212e8eb1845c68dbf5d4f215ca1e94c7f20723b",
                "sha256:358967343eaba74fd748a87f40ea75ca23757e947dbef9a11cd53414d707f793",
                "sha256:35e9483858cf8a38debc647c74741605c5c12448d314aa96961082380aadf7e5",
                "sha256:4dd05cbc497210928ae3d4d6194561985263c879c3554e9f1823a0fa43d35746",
                "sha256:517425af7d41b64caae0f5d9e6b14eeb48d6e62d45f302b73a11a9ec5ee3b6c8",
                "sha256:78d455a1da7d10bd38f2e2a0d2ac285e4845c9e7e28aafdf068472cc96bd156b",
                "sha256:9e85ba17ff93a0cf6afd39b9a0ad56ca7321db4f1eb90d2034d3b0ecd79be47b",
                "sha256:a696ec5009eb52356508eb9b23ddb977043fb82ff7b204459e4c81aca1e5affe",
                "sha256:aa4354d339de2c5ea2633a6c94294c68bae3e42a4b099624299e2a50c9e97a85",
                "sha256:ec7e4cd54f5ff3a889b90f24b33da1fa9fe3f78d17348965678d9503de1e4a49",
                "sha256:fea3d431bf639c0719afff5972eb568ebe143eba447c1c8bb491c7dfb0025ed6"
            ],
            "index": "pypi",
            "version": "==0.5.0"
        },
        "tqdm": {
            "hashes": [
                "sha256:0d8b5afb66e23d80433102e9bd8b5c8b65d34c2a2255b2de58d97bd2ea8170fd",
                "sha256:f35fb121bafa030bd94e74fcfd44f3c2830039a2ddef7fc87ef1c2d205237b24"
            ],
            "index": "pypi",
            "markers": "python_version >= '2.6' and python_version not in '3.0, 3.1, 3.2, 3.3'",
            "version": "==4.43.0"
        },
        "typing-extensions": {
            "hashes": [
                "sha256:8f92fc8806f9a6b641eaa5318da32b44d401efaac0f6678c9bc448ba3605faa0",
                "sha256:df8e4339e9cb77357558cbdbceca33c303714cf861d1eef15e1070055ae8b7ef"
            ],
            "markers": "python_version >= '3.8'",
            "version": "==4.8.0"
        },
        "wasabi": {
            "hashes": [
                "sha256:c8e372781be19272942382b14d99314d175518d7822057cb7a97010c4259d249",
                "sha256:fe862cc24034fbc9f04717cd312ab884f71f51a8ecabebc3449b751c2a649d83"
            ],
            "version": "==0.10.1"
        }
    },
    "develop": {
        "autopep8": {
            "hashes": [
                "sha256:cc6be1dfd46f2c7fa00e84a357f1a269683985b09eaffb47654ed551194399eb"
            ],
            "index": "pypi",
            "version": "==1.5.1"
        },
        "mypy": {
            "hashes": [
                "sha256:15b948e1302682e3682f11f50208b726a246ab4e6c1b39f9264a8796bb416aa2",
                "sha256:219a3116ecd015f8dca7b5d2c366c973509dfb9a8fc97ef044a36e3da66144a1",
                "sha256:3b1fc683fb204c6b4403a1ef23f0b1fac8e4477091585e0c8c54cbdf7d7bb164",
                "sha256:3beff56b453b6ef94ecb2996bea101a08f1f8a9771d3cbf4988a61e4d9973761",
                "sha256:7687f6455ec3ed7649d1ae574136835a4272b65b3ddcf01ab8704ac65616c5ce",
                "sha256:7ec45a70d40ede1ec7ad7f95b3c94c9cf4c186a32f6bacb1795b60abd2f9ef27",
                "sha256:86c857510a9b7c3104cf4cde1568f4921762c8f9842e987bc03ed4f160925754",
                "sha256:8a627507ef9b307b46a1fea9513d5c98680ba09591253082b4c48697ba05a4ae",
                "sha256:8dfb69fbf9f3aeed18afffb15e319ca7f8da9642336348ddd6cab2713ddcf8f9",
                "sha256:a34b577cdf6313bf24755f7a0e3f3c326d5c1f4fe7422d1d06498eb25ad0c600",
                "sha256:a8ffcd53cb5dfc131850851cc09f1c44689c2812d0beb954d8138d4f5fc17f65",
                "sha256:b90928f2d9eb2f33162405f32dde9f6dcead63a0971ca8a1b50eb4ca3e35ceb8",
                "sha256:c56ffe22faa2e51054c5f7a3bc70a370939c2ed4de308c690e7949230c995913",
                "sha256:f91c7ae919bbc3f96cd5e5b2e786b2b108343d1d7972ea130f7de27fdd547cf3"
            ],
            "index": "pypi",
            "markers": "python_version >= '3.5'",
            "version": "==0.770"
        },
        "mypy-extensions": {
            "hashes": [
                "sha256:c8b707883a96efe9b4bb3aaf0dcc07e7e217d7d8368eec4db4049ee9e142f4fd"
            ],
            "markers": "python_version >= '2.7'",
            "version": "==0.4.4"
        },
        "pycodestyle": {
            "hashes": [
                "sha256:259bcc17857d8a8b3b4a2327324b79e5f020a13c16074670f9c8c8f872ea76d0",
                "sha256:5d1013ba8dc7895b548be5afb05740ca82454fd899971563d2ef625d090326f8"
            ],
            "markers": "python_version >= '3.8'",
            "version": "==2.11.0"
        },
        "typed-ast": {
            "hashes": [
                "sha256:01ae5f73431d21eead5015997ab41afa53aa1fbe252f9da060be5dad2c730ace",
                "sha256:067a74454df670dcaa4e59349a2e5c81e567d8d65458d480a5b3dfecec08c5ff",
                "sha256:0fb71b8c643187d7492c1f8352f2c15b4c4af3f6338f21681d3681b3dc31a266",
                "sha256:1b3ead4a96c9101bef08f9f7d1217c096f31667617b58de957f690c92378b528",
                "sha256:2068531575a125b87a41802130fa7e29f26c09a2833fea68d9a40cf33902eba6",
                "sha256:209596a4ec71d990d71d5e0d312ac935d86930e6eecff6ccc7007fe54d703808",
                "sha256:2c726c276d09fc5c414693a2de063f521052d9ea7c240ce553316f70656c84d4",
                "sha256:398e44cd480f4d2b7ee8d98385ca104e35c81525dd98c519acff1b79bdaac363",
                "sha256:52b1eb8c83f178ab787f3a4283f68258525f8d70f778a2f6dd54d3b5e5fb4341",
                "sha256:5feca99c17af94057417d744607b82dd0a664fd5e4ca98061480fd8b14b18d04",
                "sha256:7538e495704e2ccda9b234b82423a4038f324f3a10c43bc088a1636180f11a41",
                "sha256:760ad187b1041a154f0e4d0f6aae3e40fdb51d6de16e5c99aedadd9246450e9e",
                "sha256:777a26c84bea6cd934422ac2e3b78863a37017618b6e5c08f92ef69853e765d3",
                "sha256:95431a26309a21874005845c21118c83991c63ea800dd44843e42a916aec5899",
                "sha256:9ad2c92ec681e02baf81fdfa056fe0d818645efa9af1f1cd5fd6f1bd2bdfd805",
                "sha256:9c6d1a54552b5330bc657b7ef0eae25d00ba7ffe85d9ea8ae6540d2197a3788c",
                "sha256:aee0c1256be6c07bd3e1263ff920c325b59849dc95392a05f258bb9b259cf39c",
                "sha256:af3d4a73793725138d6b334d9d247ce7e5f084d96284ed23f22ee626a7b88e39",
                "sha256:b36b4f3920103a25e1d5d024d155c504080959582b928e91cb608a65c3a49e1a",
                "sha256:b9574c6f03f685070d859e75c7f9eeca02d6933273b5e69572e5ff9d5e3931c3",
                "sha256:bff6ad71c81b3bba8fa35f0f1921fb24ff4476235a6e94a26ada2e54370e6da7",
                "sha256:c190f0899e9f9f8b6b7863debfb739abcb21a5c054f911ca3596d12b8a4c4c7f",
                "sha256:c907f561b1e83e93fad565bac5ba9c22d96a54e7ea0267c708bffe863cbe4075",
                "sha256:cae53c389825d3b46fb37538441f75d6aecc4174f615d048321b716df2757fb0",
                "sha256:dd4a21253f42b8d2b48410cb31fe501d32f8b9fbeb1f55063ad102fe9c425e40",
                "sha256:dde816ca9dac1d9c01dd504ea5967821606f02e510438120091b84e852367428",
                "sha256:f2362f3cb0f3172c42938946dbc5b7843c2a28aec307c49100c8b38764eb6927",
                "sha256:f328adcfebed9f11301eaedfa48e15bdece9b519fb27e6a8c01aa52a17ec31b3",
                "sha256:f8afcf15cc511ada719a88e013cec87c11aff7b91f019295eb4530f96fe5ef2f",
                "sha256:fb1bbeac803adea29cedd70781399c99138358c26d05fcbd23c13016b7f5ec65"
            ],
            "version": "==1.4.3"
        },
        "typing-extensions": {
            "hashes": [
                "sha256:8f92fc8806f9a6b641eaa5318da32b44d401efaac0f6678c9bc448ba3605faa0",
                "sha256:df8e4339e9cb77357558cbdbceca33c303714cf861d1eef15e1070055ae8b7ef"
            ],
            "markers": "python_version >= '3.8'",
            "version": "==4.8.0"
        }
    }
}
